
Microsoft Visual Studio Solution File, Format Version 12.00
# Visual Studio 15
VisualStudioVersion = 15.0.26730.8
MinimumVisualStudioVersion = 10.0.40219.1
Project("{FAE04EC0-301F-11D3-BF4B-00C04F79EFBC}") = "Template", "Template\Template.csproj", "{3794DC64-3662-4CD8-8D8E-C8031B556653}"
EndProject
Global
	GlobalSection(SolutionConfigurationPlatforms) = preSolution
		Debug|Any CPU = Debug|Any CPU
		Release|Any CPU = Release|Any CPU
	EndGlobalSection
	GlobalSection(ProjectConfigurationPlatforms) = postSolution
		{3794DC64-3662-4CD8-8D8E-C8031B556653}.Debug|Any CPU.ActiveCfg = Debug|Any CPU
		{3794DC64-3662-4CD8-8D8E-C8031B556653}.Debug|Any CPU.Build.0 = Debug|Any CPU
		{3794DC64-3662-4CD8-8D8E-C8031B556653}.Release|Any CPU.ActiveCfg = Release|Any CPU
		{3794DC64-3662-4CD8-8D8E-C8031B556653}.Release|Any CPU.Build.0 = Release|Any CPU
	EndGlobalSection
	GlobalSection(SolutionProperties) = preSolution
		HideSolutionNode = FALSE
	EndGlobalSection
	GlobalSection(ExtensibilityGlobals) = postSolution
		SolutionGuid = {88B2F283-C524-44E0-9E96-53219F45CF58}
	EndGlobalSection
EndGlobal
